
Microsoft Visual Studio Solution File, Format Version 12.00
# Visual Studio 15
VisualStudioVersion = 15.0.28307.1500
MinimumVisualStudioVersion = 10.0.40219.1
Project("{FAE04EC0-301F-11D3-BF4B-00C04F79EFBC}") = "Class_factoriel", "Class_factoriel\Class_factoriel.csproj", "{D86B1F6C-DC11-40EC-A41B-4AE40EC4A25C}"
EndProject
Project("{FAE04EC0-301F-11D3-BF4B-00C04F79EFBC}") = "Divisor", "Divisor\Divisor.csproj", "{1A19A49C-3E0F-4D8A-838F-BC21F142D0FF}"
EndProject
Project("{FAE04EC0-301F-11D3-BF4B-00C04F79EFBC}") = "Class", "Class\Class.csproj", "{03C9ECD0-18BE-4E71-A8FF-191EE6839937}"
EndProject
Project("{FAE04EC0-301F-11D3-BF4B-00C04F79EFBC}") = "ButtonChange", "ButtonChange\ButtonChange.csproj", "{A33493CD-A158-4845-A311-B74ADCFDC13C}"
EndProject
Project("{FAE04EC0-301F-11D3-BF4B-00C04F79EFBC}") = "ButtonMove", "ButtonMove\ButtonMove.csproj", "{B843A26C-75DF-4767-9308-5CDCC94172B6}"
EndProject
Global
	GlobalSection(SolutionConfigurationPlatforms) = preSolution
		Debug|Any CPU = Debug|Any CPU
		Release|Any CPU = Release|Any CPU
	EndGlobalSection
	GlobalSection(ProjectConfigurationPlatforms) = postSolution
		{D86B1F6C-DC11-40EC-A41B-4AE40EC4A25C}.Debug|Any CPU.ActiveCfg = Debug|Any CPU
		{D86B1F6C-DC11-40EC-A41B-4AE40EC4A25C}.Debug|Any CPU.Build.0 = Debug|Any CPU
		{D86B1F6C-DC11-40EC-A41B-4AE40EC4A25C}.Release|Any CPU.ActiveCfg = Release|Any CPU
		{D86B1F6C-DC11-40EC-A41B-4AE40EC4A25C}.Release|Any CPU.Build.0 = Release|Any CPU
		{1A19A49C-3E0F-4D8A-838F-BC21F142D0FF}.Debug|Any CPU.ActiveCfg = Debug|Any CPU
		{1A19A49C-3E0F-4D8A-838F-BC21F142D0FF}.Debug|Any CPU.Build.0 = Debug|Any CPU
		{1A19A49C-3E0F-4D8A-838F-BC21F142D0FF}.Release|Any CPU.ActiveCfg = Release|Any CPU
		{1A19A49C-3E0F-4D8A-838F-BC21F142D0FF}.Release|Any CPU.Build.0 = Release|Any CPU
		{03C9ECD0-18BE-4E71-A8FF-191EE6839937}.Debug|Any CPU.ActiveCfg = Debug|Any CPU
		{03C9ECD0-18BE-4E71-A8FF-191EE6839937}.Debug|Any CPU.Build.0 = Debug|Any CPU
		{03C9ECD0-18BE-4E71-A8FF-191EE6839937}.Release|Any CPU.ActiveCfg = Release|Any CPU
		{03C9ECD0-18BE-4E71-A8FF-191EE6839937}.Release|Any CPU.Build.0 = Release|Any CPU
		{A33493CD-A158-4845-A311-B74ADCFDC13C}.Debug|Any CPU.ActiveCfg = Debug|Any CPU
		{A33493CD-A158-4845-A311-B74ADCFDC13C}.Debug|Any CPU.Build.0 = Debug|Any CPU
		{A33493CD-A158-4845-A311-B74ADCFDC13C}.Release|Any CPU.ActiveCfg = Release|Any CPU
		{A33493CD-A158-4845-A311-B74ADCFDC13C}.Release|Any CPU.Build.0 = Release|Any CPU
		{B843A26C-75DF-4767-9308-5CDCC94172B6}.Debug|Any CPU.ActiveCfg = Debug|Any CPU
		{B843A26C-75DF-4767-9308-5CDCC94172B6}.Debug|Any CPU.Build.0 = Debug|Any CPU
		{B843A26C-75DF-4767-9308-5CDCC94172B6}.Release|Any CPU.ActiveCfg = Release|Any CPU
		{B843A26C-75DF-4767-9308-5CDCC94172B6}.Release|Any CPU.Build.0 = Release|Any CPU
	EndGlobalSection
	GlobalSection(SolutionProperties) = preSolution
		HideSolutionNode = FALSE
	EndGlobalSection
	GlobalSection(ExtensibilityGlobals) = postSolution
		SolutionGuid = {37E9B6B4-44AE-43B8-A7AB-A61E30EB803A}
	EndGlobalSection
EndGlobal
